
Microsoft Visual Studio Solution File, Format Version 12.00
# Visual Studio 15
VisualStudioVersion = 15.0.27428.2015
MinimumVisualStudioVersion = 10.0.40219.1
Project("{FAE04EC0-301F-11D3-BF4B-00C04F79EFBC}") = "Foodsquare", "Foodsquare\Foodsquare.csproj", "{755CEE6F-B345-4195-8985-26E83A0A3987}"
EndProject
Project("{FAE04EC0-301F-11D3-BF4B-00C04F79EFBC}") = "Foodsquare.Tests", "Foodsquare.Tests\Foodsquare.Tests.csproj", "{7F7EBDA2-D4EF-418B-B0F6-218E8766E7F1}"
EndProject
Global
	GlobalSection(SolutionConfigurationPlatforms) = preSolution
		Debug|Any CPU = Debug|Any CPU
		Release|Any CPU = Release|Any CPU
	EndGlobalSection
	GlobalSection(ProjectConfigurationPlatforms) = postSolution
		{755CEE6F-B345-4195-8985-26E83A0A3987}.Debug|Any CPU.ActiveCfg = Debug|Any CPU
		{755CEE6F-B345-4195-8985-26E83A0A3987}.Debug|Any CPU.Build.0 = Debug|Any CPU
		{755CEE6F-B345-4195-8985-26E83A0A3987}.Release|Any CPU.ActiveCfg = Release|Any CPU
		{755CEE6F-B345-4195-8985-26E83A0A3987}.Release|Any CPU.Build.0 = Release|Any CPU
		{7F7EBDA2-D4EF-418B-B0F6-218E8766E7F1}.Debug|Any CPU.ActiveCfg = Debug|Any CPU
		{7F7EBDA2-D4EF-418B-B0F6-218E8766E7F1}.Debug|Any CPU.Build.0 = Debug|Any CPU
		{7F7EBDA2-D4EF-418B-B0F6-218E8766E7F1}.Release|Any CPU.ActiveCfg = Release|Any CPU
		{7F7EBDA2-D4EF-418B-B0F6-218E8766E7F1}.Release|Any CPU.Build.0 = Release|Any CPU
	EndGlobalSection
	GlobalSection(SolutionProperties) = preSolution
		HideSolutionNode = FALSE
	EndGlobalSection
	GlobalSection(ExtensibilityGlobals) = postSolution
		SolutionGuid = {6E97D07D-6DC0-4AA3-BA1E-58D56D81EA01}
	EndGlobalSection
EndGlobal
